Microsoft Visual Studio Solution File, Format Version 12.00
# Visual Studio Version 18
VisualStudioVersion = 18.0.11010.61 d18.0
MinimumVisualStudioVersion = 10.0.40219.1
Project("{2150E333-8FDC-42A3-9474-1A3956D46DE8}") = "demo", "demo", "{E5F5B8B1-8C1D-4B5A-9C2D-1F3E4D5C6B7A}"
EndProject
Project("{2150E333-8FDC-42A3-9474-1A3956D46DE8}") = "src", "src", "{561FF5C9-61EC-4889-8B8F-4B4552480DD6}"
EndProject
Project("{2150E333-8FDC-42A3-9474-1A3956D46DE8}") = "Solution Items", "Solution Items", "{F6E5D4C3-B2A1-0987-6543-210FEDCBA987}"
	ProjectSection(SolutionItems) = preProject
		Directory.Build.props = Directory.Build.props
	EndProjectSection
EndProject
Project("{9A19103F-16F7-4668-BE54-9A1E7A4F7556}") = "CodeRegionExamplesConsoleApp", "demo\CodeRegionExamplesConsoleApp\CodeRegionExamplesConsoleApp.csproj", "{D85BF1BC-9157-4FDC-BFB0-0109C8FFEEB2}"
EndProject
Project("{9A19103F-16F7-4668-BE54-9A1E7A4F7556}") = "CodeRegionTemplateConsoleApp", "demo\CodeRegionTemplateConsoleApp\CodeRegionTemplateConsoleApp.csproj", "{0168F661-9BFC-45DA-A445-7A9A8F7D2BFE}"
EndProject
Project("{9A19103F-16F7-4668-BE54-9A1E7A4F7556}") = "CodeInject", "src\CodeInject\CodeInject.csproj", "{CD48090A-39CC-4EEB-BBF1-608377283566}"
EndProject
Project("{9A19103F-16F7-4668-BE54-9A1E7A4F7556}") = "CodeInjectSourceGenerator", "src\CodeInjectSourceGenerator\CodeInjectSourceGenerator.csproj", "{19553B86-98C4-4435-BE63-809ED50097A5}"
EndProject
Global
	GlobalSection(SolutionConfigurationPlatforms) = preSolution
		Debug|Any CPU = Debug|Any CPU
		Release|Any CPU = Release|Any CPU
	EndGlobalSection
	GlobalSection(ProjectConfigurationPlatforms) = postSolution
		{D85BF1BC-9157-4FDC-BFB0-0109C8FFEEB2}.Debug|Any CPU.ActiveCfg = Debug|Any CPU
		{D85BF1BC-9157-4FDC-BFB0-0109C8FFEEB2}.Debug|Any CPU.Build.0 = Debug|Any CPU
		{D85BF1BC-9157-4FDC-BFB0-0109C8FFEEB2}.Release|Any CPU.ActiveCfg = Release|Any CPU
		{D85BF1BC-9157-4FDC-BFB0-0109C8FFEEB2}.Release|Any CPU.Build.0 = Release|Any CPU
		{0168F661-9BFC-45DA-A445-7A9A8F7D2BFE}.Debug|Any CPU.ActiveCfg = Debug|Any CPU
		{0168F661-9BFC-45DA-A445-7A9A8F7D2BFE}.Debug|Any CPU.Build.0 = Debug|Any CPU
		{0168F661-9BFC-45DA-A445-7A9A8F7D2BFE}.Release|Any CPU.ActiveCfg = Release|Any CPU
		{0168F661-9BFC-45DA-A445-7A9A8F7D2BFE}.Release|Any CPU.Build.0 = Release|Any CPU
		{CD48090A-39CC-4EEB-BBF1-608377283566}.Debug|Any CPU.ActiveCfg = Debug|Any CPU
		{CD48090A-39CC-4EEB-BBF1-608377283566}.Debug|Any CPU.Build.0 = Debug|Any CPU
		{CD48090A-39CC-4EEB-BBF1-608377283566}.Release|Any CPU.ActiveCfg = Release|Any CPU
		{CD48090A-39CC-4EEB-BBF1-608377283566}.Release|Any CPU.Build.0 = Release|Any CPU
		{19553B86-98C4-4435-BE63-809ED50097A5}.Debug|Any CPU.ActiveCfg = Debug|Any CPU
		{19553B86-98C4-4435-BE63-809ED50097A5}.Debug|Any CPU.Build.0 = Debug|Any CPU
		{19553B86-98C4-4435-BE63-809ED50097A5}.Release|Any CPU.ActiveCfg = Release|Any CPU
		{19553B86-98C4-4435-BE63-809ED50097A5}.Release|Any CPU.Build.0 = Release|Any CPU
	EndGlobalSection
	GlobalSection(SolutionProperties) = preSolution
		HideSolutionNode = FALSE
	EndGlobalSection
	GlobalSection(ExtensibilityGlobals) = postSolution
		SolutionGuid = {12345678-1234-5678-9ABC-123456789ABC}
	EndGlobalSection
EndGlobal
